
Microsoft Visual Studio Solution File, Format Version 12.00
# Visual Studio 15
VisualStudioVersion = 15.0.28307.421
MinimumVisualStudioVersion = 10.0.40219.1
Project("{2150E333-8FDC-42A3-9474-1A3956D46DE8}") = "Core", "Core", "{667A64F0-62D7-4E08-A82B-132FAA5A0B33}"
EndProject
Project("{9A19103F-16F7-4668-BE54-9A1E7A4F7556}") = "SD.Domain", "SD.Domain\SD.Domain.csproj", "{16993778-65B2-44B6-8103-4C7D1CF11311}"
EndProject
Project("{9A19103F-16F7-4668-BE54-9A1E7A4F7556}") = "SD.Application", "SD.Application\SD.Application.csproj", "{D612F7EB-C133-4266-972F-E468C191A62A}"
EndProject
Project("{2150E333-8FDC-42A3-9474-1A3956D46DE8}") = "Infrastructure", "Infrastructure", "{C2948076-2EC8-4DD2-8D13-27BFEF0A5BE0}"
EndProject
Project("{9A19103F-16F7-4668-BE54-9A1E7A4F7556}") = "SD.Persistence", "SD.Persistence\SD.Persistence.csproj", "{4BBB3EC4-85F3-43D2-B7F7-902D12E37CDD}"
EndProject
Project("{2150E333-8FDC-42A3-9474-1A3956D46DE8}") = "Presentation", "Presentation", "{49D5AD02-7F8C-46D8-84E7-960F03A5B205}"
EndProject
Project("{FAE04EC0-301F-11D3-BF4B-00C04F79EFBC}") = "SD.WebAPI", "SD.WebAPI\SD.WebAPI.csproj", "{921D3ED8-926E-4E1F-8AD4-056DD6E7B587}"
EndProject
Project("{2150E333-8FDC-42A3-9474-1A3956D46DE8}") = "Tests", "Tests", "{9CF9331D-98EC-4674-A457-D4DE98D004B6}"
EndProject
Project("{FAE04EC0-301F-11D3-BF4B-00C04F79EFBC}") = "SD.Test", "SD.Test\SD.Test.csproj", "{3CFF6C45-3528-4ED5-8612-CA2445B22419}"
EndProject
Global
	GlobalSection(SolutionConfigurationPlatforms) = preSolution
		Debug|Any CPU = Debug|Any CPU
		Release|Any CPU = Release|Any CPU
	EndGlobalSection
	GlobalSection(ProjectConfigurationPlatforms) = postSolution
		{16993778-65B2-44B6-8103-4C7D1CF11311}.Debug|Any CPU.ActiveCfg = Debug|Any CPU
		{16993778-65B2-44B6-8103-4C7D1CF11311}.Debug|Any CPU.Build.0 = Debug|Any CPU
		{16993778-65B2-44B6-8103-4C7D1CF11311}.Release|Any CPU.ActiveCfg = Release|Any CPU
		{16993778-65B2-44B6-8103-4C7D1CF11311}.Release|Any CPU.Build.0 = Release|Any CPU
		{D612F7EB-C133-4266-972F-E468C191A62A}.Debug|Any CPU.ActiveCfg = Debug|Any CPU
		{D612F7EB-C133-4266-972F-E468C191A62A}.Debug|Any CPU.Build.0 = Debug|Any CPU
		{D612F7EB-C133-4266-972F-E468C191A62A}.Release|Any CPU.ActiveCfg = Release|Any CPU
		{D612F7EB-C133-4266-972F-E468C191A62A}.Release|Any CPU.Build.0 = Release|Any CPU
		{4BBB3EC4-85F3-43D2-B7F7-902D12E37CDD}.Debug|Any CPU.ActiveCfg = Debug|Any CPU
		{4BBB3EC4-85F3-43D2-B7F7-902D12E37CDD}.Debug|Any CPU.Build.0 = Debug|Any CPU
		{4BBB3EC4-85F3-43D2-B7F7-902D12E37CDD}.Release|Any CPU.ActiveCfg = Release|Any CPU
		{4BBB3EC4-85F3-43D2-B7F7-902D12E37CDD}.Release|Any CPU.Build.0 = Release|Any CPU
		{921D3ED8-926E-4E1F-8AD4-056DD6E7B587}.Debug|Any CPU.ActiveCfg = Debug|Any CPU
		{921D3ED8-926E-4E1F-8AD4-056DD6E7B587}.Debug|Any CPU.Build.0 = Debug|Any CPU
		{921D3ED8-926E-4E1F-8AD4-056DD6E7B587}.Release|Any CPU.ActiveCfg = Release|Any CPU
		{921D3ED8-926E-4E1F-8AD4-056DD6E7B587}.Release|Any CPU.Build.0 = Release|Any CPU
		{3CFF6C45-3528-4ED5-8612-CA2445B22419}.Debug|Any CPU.ActiveCfg = Debug|Any CPU
		{3CFF6C45-3528-4ED5-8612-CA2445B22419}.Debug|Any CPU.Build.0 = Debug|Any CPU
		{3CFF6C45-3528-4ED5-8612-CA2445B22419}.Release|Any CPU.ActiveCfg = Release|Any CPU
		{3CFF6C45-3528-4ED5-8612-CA2445B22419}.Release|Any CPU.Build.0 = Release|Any CPU
	EndGlobalSection
	GlobalSection(SolutionProperties) = preSolution
		HideSolutionNode = FALSE
	EndGlobalSection
	GlobalSection(NestedProjects) = preSolution
		{16993778-65B2-44B6-8103-4C7D1CF11311} = {667A64F0-62D7-4E08-A82B-132FAA5A0B33}
		{D612F7EB-C133-4266-972F-E468C191A62A} = {667A64F0-62D7-4E08-A82B-132FAA5A0B33}
		{4BBB3EC4-85F3-43D2-B7F7-902D12E37CDD} = {C2948076-2EC8-4DD2-8D13-27BFEF0A5BE0}
		{921D3ED8-926E-4E1F-8AD4-056DD6E7B587} = {49D5AD02-7F8C-46D8-84E7-960F03A5B205}
		{3CFF6C45-3528-4ED5-8612-CA2445B22419} = {9CF9331D-98EC-4674-A457-D4DE98D004B6}
	EndGlobalSection
	GlobalSection(ExtensibilityGlobals) = postSolution
		SolutionGuid = {EE673AE0-617F-4F3E-96DB-9F3FD6106B98}
	EndGlobalSection
EndGlobal
